
Microsoft Visual Studio Solution File, Format Version 11.00
# Visual Studio 2010
Project("{FAE04EC0-301F-11D3-BF4B-00C04F79EFBC}") = "Assembly-CSharp", "Assembly-CSharp.csproj", "{5e659c22-e7fd-99c0-e2a3-ea90787adb1a}"
EndProject
Project("{FAE04EC0-301F-11D3-BF4B-00C04F79EFBC}") = "Assembly-CSharp-Editor", "Assembly-CSharp-Editor.csproj", "{bd31d0a2-3f84-9115-4a76-3b4dd061fa27}"
EndProject
Global
	GlobalSection(SolutionConfigurationPlatforms) = preSolution
		Debug|Any CPU = Debug|Any CPU
	EndGlobalSection
	GlobalSection(ProjectConfigurationPlatforms) = postSolution
		{5e659c22-e7fd-99c0-e2a3-ea90787adb1a}.Debug|Any CPU.ActiveCfg = Debug|Any CPU
		{5e659c22-e7fd-99c0-e2a3-ea90787adb1a}.Debug|Any CPU.Build.0 = Debug|Any CPU
		{bd31d0a2-3f84-9115-4a76-3b4dd061fa27}.Debug|Any CPU.ActiveCfg = Debug|Any CPU
		{bd31d0a2-3f84-9115-4a76-3b4dd061fa27}.Debug|Any CPU.Build.0 = Debug|Any CPU
	EndGlobalSection
	GlobalSection(SolutionProperties) = preSolution
		HideSolutionNode = FALSE
	EndGlobalSection
EndGlobal
